
Microsoft Visual Studio Solution File, Format Version 11.00
# Visual Studio 2010
Project("{FAE04EC0-301F-11D3-BF4B-00C04F79EFBC}") = "Northwind.UI.WPF", "Northwind.UI.WPF\Northwind.UI.WPF.csproj", "{85E5B067-F4B9-4CCD-91EC-694F2B55C3E2}"
EndProject
Project("{FAE04EC0-301F-11D3-BF4B-00C04F79EFBC}") = "Northwind.ViewModel", "Northwind.ViewModel\Northwind.ViewModel.csproj", "{B8D21D8C-C166-4240-9231-7574B7D81684}"
EndProject
Project("{FAE04EC0-301F-11D3-BF4B-00C04F79EFBC}") = "Northwind.Data", "Northwind.Data\Northwind.Data.csproj", "{25E6E80F-5C39-42D6-A1AB-E49B977E8936}"
EndProject
Global
	GlobalSection(SolutionConfigurationPlatforms) = preSolution
		Debug|Any CPU = Debug|Any CPU
		Debug|Mixed Platforms = Debug|Mixed Platforms
		Debug|x86 = Debug|x86
		Release|Any CPU = Release|Any CPU
		Release|Mixed Platforms = Release|Mixed Platforms
		Release|x86 = Release|x86
	EndGlobalSection
	GlobalSection(ProjectConfigurationPlatforms) = postSolution
		{85E5B067-F4B9-4CCD-91EC-694F2B55C3E2}.Debug|Any CPU.ActiveCfg = Debug|x86
		{85E5B067-F4B9-4CCD-91EC-694F2B55C3E2}.Debug|Mixed Platforms.ActiveCfg = Debug|x86
		{85E5B067-F4B9-4CCD-91EC-694F2B55C3E2}.Debug|Mixed Platforms.Build.0 = Debug|x86
		{85E5B067-F4B9-4CCD-91EC-694F2B55C3E2}.Debug|x86.ActiveCfg = Debug|x86
		{85E5B067-F4B9-4CCD-91EC-694F2B55C3E2}.Debug|x86.Build.0 = Debug|x86
		{85E5B067-F4B9-4CCD-91EC-694F2B55C3E2}.Release|Any CPU.ActiveCfg = Release|x86
		{85E5B067-F4B9-4CCD-91EC-694F2B55C3E2}.Release|Mixed Platforms.ActiveCfg = Release|x86
		{85E5B067-F4B9-4CCD-91EC-694F2B55C3E2}.Release|Mixed Platforms.Build.0 = Release|x86
		{85E5B067-F4B9-4CCD-91EC-694F2B55C3E2}.Release|x86.ActiveCfg = Release|x86
		{85E5B067-F4B9-4CCD-91EC-694F2B55C3E2}.Release|x86.Build.0 = Release|x86
		{B8D21D8C-C166-4240-9231-7574B7D81684}.Debug|Any CPU.ActiveCfg = Debug|Any CPU
		{B8D21D8C-C166-4240-9231-7574B7D81684}.Debug|Any CPU.Build.0 = Debug|Any CPU
		{B8D21D8C-C166-4240-9231-7574B7D81684}.Debug|Mixed Platforms.ActiveCfg = Debug|Any CPU
		{B8D21D8C-C166-4240-9231-7574B7D81684}.Debug|Mixed Platforms.Build.0 = Debug|Any CPU
		{B8D21D8C-C166-4240-9231-7574B7D81684}.Debug|x86.ActiveCfg = Debug|Any CPU
		{B8D21D8C-C166-4240-9231-7574B7D81684}.Release|Any CPU.ActiveCfg = Release|Any CPU
		{B8D21D8C-C166-4240-9231-7574B7D81684}.Release|Any CPU.Build.0 = Release|Any CPU
		{B8D21D8C-C166-4240-9231-7574B7D81684}.Release|Mixed Platforms.ActiveCfg = Release|Any CPU
		{B8D21D8C-C166-4240-9231-7574B7D81684}.Release|Mixed Platforms.Build.0 = Release|Any CPU
		{B8D21D8C-C166-4240-9231-7574B7D81684}.Release|x86.ActiveCfg = Release|Any CPU
		{25E6E80F-5C39-42D6-A1AB-E49B977E8936}.Debug|Any CPU.ActiveCfg = Debug|Any CPU
		{25E6E80F-5C39-42D6-A1AB-E49B977E8936}.Debug|Any CPU.Build.0 = Debug|Any CPU
		{25E6E80F-5C39-42D6-A1AB-E49B977E8936}.Debug|Mixed Platforms.ActiveCfg = Debug|Any CPU
		{25E6E80F-5C39-42D6-A1AB-E49B977E8936}.Debug|Mixed Platforms.Build.0 = Debug|Any CPU
		{25E6E80F-5C39-42D6-A1AB-E49B977E8936}.Debug|x86.ActiveCfg = Debug|Any CPU
		{25E6E80F-5C39-42D6-A1AB-E49B977E8936}.Release|Any CPU.ActiveCfg = Release|Any CPU
		{25E6E80F-5C39-42D6-A1AB-E49B977E8936}.Release|Any CPU.Build.0 = Release|Any CPU
		{25E6E80F-5C39-42D6-A1AB-E49B977E8936}.Release|Mixed Platforms.ActiveCfg = Release|Any CPU
		{25E6E80F-5C39-42D6-A1AB-E49B977E8936}.Release|Mixed Platforms.Build.0 = Release|Any CPU
		{25E6E80F-5C39-42D6-A1AB-E49B977E8936}.Release|x86.ActiveCfg = Release|Any CPU
	EndGlobalSection
	GlobalSection(SolutionProperties) = preSolution
		HideSolutionNode = FALSE
	EndGlobalSection
EndGlobal
