
Microsoft Visual Studio Solution File, Format Version 12.00
# Visual Studio 15
VisualStudioVersion = 15.0.27004.2006
MinimumVisualStudioVersion = 10.0.40219.1
Project("{2150E333-8FDC-42A3-9474-1A3956D46DE8}") = "Solution Items", "Solution Items", "{D60F2AC2-20B8-4653-B613-98394E816D24}"
	ProjectSection(SolutionItems) = preProject
		FeatureTest.vsmdi = FeatureTest.vsmdi
		Local.testsettings = Local.testsettings
		TraceAndTestImpact.testsettings = TraceAndTestImpact.testsettings
	EndProjectSection
EndProject
Project("{2150E333-8FDC-42A3-9474-1A3956D46DE8}") = ".nuget", ".nuget", "{73B1A6BC-FBF4-4CC7-8102-B97F2535DBF6}"
EndProject
Project("{2150E333-8FDC-42A3-9474-1A3956D46DE8}") = "MEFLog", "MEFLog", "{2CF5B702-68AE-45EB-AA93-1AAC4BC41FA9}"
EndProject
Project("{2150E333-8FDC-42A3-9474-1A3956D46DE8}") = "MEFCalculator", "MEFCalculator", "{71036D61-2D70-4FAC-BD68-47320E03FB70}"
EndProject
Project("{2150E333-8FDC-42A3-9474-1A3956D46DE8}") = "MAFCalculator", "MAFCalculator", "{DE218D75-2D48-4F27-A1D7-2C974DA4F058}"
EndProject
Project("{2150E333-8FDC-42A3-9474-1A3956D46DE8}") = "Using Non-MVVM Third-party Controls", "Using Non-MVVM Third-party Controls", "{075A22BD-1914-48D2-9ED6-A2A177F30E46}"
EndProject
Project("{2150E333-8FDC-42A3-9474-1A3956D46DE8}") = "Print", "Print", "{9257E0F2-700D-4DF2-98DB-3713FE2A5D62}"
EndProject
Project("{2150E333-8FDC-42A3-9474-1A3956D46DE8}") = "SQL", "SQL", "{B3FCEEFF-D329-4437-BB42-CEC4990274BC}"
EndProject
Project("{2150E333-8FDC-42A3-9474-1A3956D46DE8}") = "Elasticsearch", "Elasticsearch", "{63BF68C4-74A0-47B2-BF76-E720715129ED}"
EndProject
Project("{2150E333-8FDC-42A3-9474-1A3956D46DE8}") = "WCF", "WCF", "{7BBE59A7-324F-4F43-919C-EF68A641EFF5}"
EndProject
Project("{FAE04EC0-301F-11D3-BF4B-00C04F79EFBC}") = "AOPTest", "FeatureTest\AOPTest.csproj", "{B45AEEA8-16C6-40CB-B0AB-413BFBF7D242}"
EndProject
Project("{FAE04EC0-301F-11D3-BF4B-00C04F79EFBC}") = "UserControlTest", "UserControlTest\UserControlTest.csproj", "{EBD82360-FEC5-4AC7-8278-A88BF67E31B8}"
EndProject
Project("{FAE04EC0-301F-11D3-BF4B-00C04F79EFBC}") = "ThreadTest", "ThreadTest\ThreadTest.csproj", "{BBF9569D-EBFE-413F-A3A6-421DBB5ABA19}"
EndProject
Project("{FAE04EC0-301F-11D3-BF4B-00C04F79EFBC}") = "UnitTestExample", "FilmingModel\UnitTestExample.csproj", "{18643604-E5AD-4E57-95A6-6B56AF4F6301}"
EndProject
Project("{FAE04EC0-301F-11D3-BF4B-00C04F79EFBC}") = "UnitTestExample.UT", "FilmingModelUnitTest\UnitTestExample.UT.csproj", "{FC505042-C772-4392-BC32-A94F35717556}"
EndProject
Project("{FAE04EC0-301F-11D3-BF4B-00C04F79EFBC}") = "MEFConsole", "MEFConsole\MEFConsole.csproj", "{EEFE188E-3CD5-4B4C-A92E-A696589CEA08}"
EndProject
Project("{FAE04EC0-301F-11D3-BF4B-00C04F79EFBC}") = "ILog", "ILog\ILog.csproj", "{62FFC9D3-E02F-416F-B8EB-69BB1F218482}"
EndProject
Project("{FAE04EC0-301F-11D3-BF4B-00C04F79EFBC}") = "TextLog", "TextLog\TextLog.csproj", "{20D726BF-EA4C-40F6-80DF-3B5791561102}"
EndProject
Project("{FAE04EC0-301F-11D3-BF4B-00C04F79EFBC}") = "FileLog", "FileLog\FileLog.csproj", "{3EB2A33C-13E0-434C-9007-B164D23DA824}"
EndProject
Project("{FAE04EC0-301F-11D3-BF4B-00C04F79EFBC}") = "MEFConsoleHost", "MEFConsoleHost\MEFConsoleHost.csproj", "{093C6F1C-E813-41F1-93A5-08C8A5714A83}"
EndProject
Project("{FAE04EC0-301F-11D3-BF4B-00C04F79EFBC}") = "MEFCalculator", "MEFCalculator\MEFCalculator.csproj", "{76036C9B-515F-4C07-8CBC-45D19F1BAAA6}"
EndProject
Project("{FAE04EC0-301F-11D3-BF4B-00C04F79EFBC}") = "Calc1Contract", "Calc1Contract\Calc1Contract.csproj", "{D039DCF6-E3DC-4E8B-BAC8-ED716CF78677}"
EndProject
Project("{FAE04EC0-301F-11D3-BF4B-00C04F79EFBC}") = "Calc1AddInView", "Calc1AddInView\Calc1AddInView.csproj", "{2FB46ECD-EE17-4178-B7ED-9819AB951618}"
EndProject
Project("{FAE04EC0-301F-11D3-BF4B-00C04F79EFBC}") = "Calc1HostView", "Calc1HostView\Calc1HostView.csproj", "{3B17CA7F-D272-4BF8-A6DE-B024FB3EC8EF}"
EndProject
Project("{FAE04EC0-301F-11D3-BF4B-00C04F79EFBC}") = "Calc1AddInSideAdapter", "Calc1AddInSideAdapter\Calc1AddInSideAdapter.csproj", "{A3F84323-B999-440B-ADA8-414CB739DE05}"
EndProject
Project("{FAE04EC0-301F-11D3-BF4B-00C04F79EFBC}") = "Calc1HostSideAdapter", "Calc1HostSideAdapter\Calc1HostSideAdapter.csproj", "{4DACB1C0-8425-426A-9B23-370E5368DE77}"
EndProject
Project("{FAE04EC0-301F-11D3-BF4B-00C04F79EFBC}") = "Calc1Host", "Calc1Host\Calc1Host.csproj", "{A255D882-799C-48B0-8B79-DBCB24117C57}"
EndProject
Project("{FAE04EC0-301F-11D3-BF4B-00C04F79EFBC}") = "AddInCalcV1", "AddInCalcV1\AddInCalcV1.csproj", "{BD5CDEC5-7ADE-4C50-987A-C144C9CD2958}"
EndProject
Project("{FAE04EC0-301F-11D3-BF4B-00C04F79EFBC}") = "TicTacToe.UT", "TicTacToe.UT\TicTacToe.UT.csproj", "{E376B1D0-0245-4058-9822-F7D056E44328}"
EndProject
Project("{FAE04EC0-301F-11D3-BF4B-00C04F79EFBC}") = "TicTacToe.Services", "TicTacToe.Services\TicTacToe.Services.csproj", "{1182B05B-FBCE-4C23-8DA5-23E20523A52F}"
EndProject
Project("{FAE04EC0-301F-11D3-BF4B-00C04F79EFBC}") = "UsingNonMVVMElements", "UsingNonMVVMElements\UsingNonMVVMElements.csproj", "{B7A53FC8-9EEC-4B71-9725-F2D4D5770CDF}"
EndProject
Project("{FAE04EC0-301F-11D3-BF4B-00C04F79EFBC}") = "LanguageTests", "LanguageTests\LanguageTests.csproj", "{CEDE3347-B7EE-461D-B779-48972DB09855}"
EndProject
Project("{FAE04EC0-301F-11D3-BF4B-00C04F79EFBC}") = "FileSystemTest", "FileSystemTest\FileSystemTest.csproj", "{C2438AFA-6E6A-4144-A0B7-42413DAA6921}"
EndProject
Project("{FAE04EC0-301F-11D3-BF4B-00C04F79EFBC}") = "EIMPrint", "EIMPrint\EIMPrint.csproj", "{472D7217-3ADB-4AF7-A3B8-2F3C8FB8CF75}"
EndProject
Project("{FAE04EC0-301F-11D3-BF4B-00C04F79EFBC}") = "EIMPrinter", "EIMPrinter\EIMPrinter.csproj", "{87540A84-125D-4A1D-BF7F-D3E979046A50}"
EndProject
Project("{FAE04EC0-301F-11D3-BF4B-00C04F79EFBC}") = "SqlConnection", "SqlConnection\SqlConnection.csproj", "{4358603B-3FDC-43C9-B731-22DA52D5C5CC}"
EndProject
Project("{FAE04EC0-301F-11D3-BF4B-00C04F79EFBC}") = "ExchangeToElasticsearch", "ExchangeToElasticsearch\ExchangeToElasticsearch.csproj", "{44E3E36C-CB9A-4BE0-9FC7-8F36880BD141}"
EndProject
Project("{FAE04EC0-301F-11D3-BF4B-00C04F79EFBC}") = "ElasticSearchEditor", "ElasticSearchEditor\ElasticSearchEditor.csproj", "{0B4681D6-7B6E-4BB3-B197-1F4160553E97}"
EndProject
Project("{FAE04EC0-301F-11D3-BF4B-00C04F79EFBC}") = "WcfServiceDemo", "WcfServiceDemo\WcfServiceDemo.csproj", "{0D2F61B0-4DD6-43B3-91DB-CF7205908806}"
EndProject
Project("{FAE04EC0-301F-11D3-BF4B-00C04F79EFBC}") = "WcfClientDemo", "WcfClientDemo\WcfClientDemo.csproj", "{6DD25379-39CC-482C-B507-1AD4930FDFFD}"
EndProject
Project("{FAE04EC0-301F-11D3-BF4B-00C04F79EFBC}") = "WcfRESTfulService", "WcfRESTfulService\WcfRESTfulService.csproj", "{A2542234-BEE6-45A6-95F1-CBBD5C6A396C}"
EndProject
Project("{FAE04EC0-301F-11D3-BF4B-00C04F79EFBC}") = "EmployeeHierarchyWebService", "EmployeeHierarchyWebService\EmployeeHierarchyWebService.csproj", "{4D1F8239-4088-422E-B95E-9F64BDA212A5}"
EndProject
Project("{2150E333-8FDC-42A3-9474-1A3956D46DE8}") = "Test", "Test", "{77F38780-0480-400B-878E-E7FD8B45EE4A}"
EndProject
Project("{FAE04EC0-301F-11D3-BF4B-00C04F79EFBC}") = "EmployeeHierarchyWebServiceTests", "EmployeeHierarchyWebServiceTests\EmployeeHierarchyWebServiceTests.csproj", "{AA359FE2-A313-4176-9FDF-1CB896D4ADB3}"
EndProject
Project("{FAE04EC0-301F-11D3-BF4B-00C04F79EFBC}") = "EmployeeHierarchyService", "EmployeeHierarchyService\EmployeeHierarchyService.csproj", "{5D5826AE-442A-4695-ACD4-52604F988884}"
EndProject
Project("{FAE04EC0-301F-11D3-BF4B-00C04F79EFBC}") = "EmployeeWebService", "EmployeeWebService\EmployeeWebService.csproj", "{E2AEB07F-DB86-493D-B5D7-F7545423F7FE}"
EndProject
Project("{2150E333-8FDC-42A3-9474-1A3956D46DE8}") = "ActiveDirectory", "ActiveDirectory", "{45C9A60B-CF2B-4E1B-A302-403B1661351A}"
EndProject
Project("{FAE04EC0-301F-11D3-BF4B-00C04F79EFBC}") = "ActiveDirectoryTest", "ActiveDirectoryTest\ActiveDirectoryTest.csproj", "{6E5C476A-B397-443C-9925-ACB9898E0780}"
EndProject
Project("{FAE04EC0-301F-11D3-BF4B-00C04F79EFBC}") = "ActiveDirectoryConsole", "ActiveDirectoryConsole\ActiveDirectoryConsole.csproj", "{58F49E6A-F7A1-4C36-924A-7F506F623C6E}"
EndProject
Project("{FAE04EC0-301F-11D3-BF4B-00C04F79EFBC}") = "ExchangeToElasticsearch.Tests", "ExchangeToElasticsearch.Tests\ExchangeToElasticsearch.Tests.csproj", "{6474D008-856E-434D-AD49-4551A570983B}"
EndProject
Project("{FAE04EC0-301F-11D3-BF4B-00C04F79EFBC}") = "ModifyDLPSQL", "ModifyDLPSQL\ModifyDLPSQL.csproj", "{1F9F4E38-D4E1-41A9-89EC-0EAC46290600}"
EndProject
Global
	GlobalSection(SolutionConfigurationPlatforms) = preSolution
		Debug|Any CPU = Debug|Any CPU
		Release|Any CPU = Release|Any CPU
	EndGlobalSection
	GlobalSection(ProjectConfigurationPlatforms) = postSolution
		{B45AEEA8-16C6-40CB-B0AB-413BFBF7D242}.Debug|Any CPU.ActiveCfg = Debug|Any CPU
		{B45AEEA8-16C6-40CB-B0AB-413BFBF7D242}.Release|Any CPU.ActiveCfg = Release|x86
		{EBD82360-FEC5-4AC7-8278-A88BF67E31B8}.Debug|Any CPU.ActiveCfg = Debug|Any CPU
		{EBD82360-FEC5-4AC7-8278-A88BF67E31B8}.Release|Any CPU.ActiveCfg = Release|x86
		{BBF9569D-EBFE-413F-A3A6-421DBB5ABA19}.Debug|Any CPU.ActiveCfg = Debug|Any CPU
		{BBF9569D-EBFE-413F-A3A6-421DBB5ABA19}.Release|Any CPU.ActiveCfg = Release|x86
		{18643604-E5AD-4E57-95A6-6B56AF4F6301}.Debug|Any CPU.ActiveCfg = Debug|Any CPU
		{18643604-E5AD-4E57-95A6-6B56AF4F6301}.Debug|Any CPU.Build.0 = Debug|Any CPU
		{18643604-E5AD-4E57-95A6-6B56AF4F6301}.Release|Any CPU.ActiveCfg = Release|Any CPU
		{18643604-E5AD-4E57-95A6-6B56AF4F6301}.Release|Any CPU.Build.0 = Release|Any CPU
		{FC505042-C772-4392-BC32-A94F35717556}.Debug|Any CPU.ActiveCfg = Debug|Any CPU
		{FC505042-C772-4392-BC32-A94F35717556}.Debug|Any CPU.Build.0 = Debug|Any CPU
		{FC505042-C772-4392-BC32-A94F35717556}.Release|Any CPU.ActiveCfg = Release|Any CPU
		{FC505042-C772-4392-BC32-A94F35717556}.Release|Any CPU.Build.0 = Release|Any CPU
		{EEFE188E-3CD5-4B4C-A92E-A696589CEA08}.Debug|Any CPU.ActiveCfg = Debug|Any CPU
		{EEFE188E-3CD5-4B4C-A92E-A696589CEA08}.Release|Any CPU.ActiveCfg = Release|x86
		{62FFC9D3-E02F-416F-B8EB-69BB1F218482}.Debug|Any CPU.ActiveCfg = Debug|Any CPU
		{62FFC9D3-E02F-416F-B8EB-69BB1F218482}.Debug|Any CPU.Build.0 = Debug|Any CPU
		{62FFC9D3-E02F-416F-B8EB-69BB1F218482}.Release|Any CPU.ActiveCfg = Release|Any CPU
		{62FFC9D3-E02F-416F-B8EB-69BB1F218482}.Release|Any CPU.Build.0 = Release|Any CPU
		{20D726BF-EA4C-40F6-80DF-3B5791561102}.Debug|Any CPU.ActiveCfg = Debug|Any CPU
		{20D726BF-EA4C-40F6-80DF-3B5791561102}.Debug|Any CPU.Build.0 = Debug|Any CPU
		{20D726BF-EA4C-40F6-80DF-3B5791561102}.Release|Any CPU.ActiveCfg = Release|Any CPU
		{20D726BF-EA4C-40F6-80DF-3B5791561102}.Release|Any CPU.Build.0 = Release|Any CPU
		{3EB2A33C-13E0-434C-9007-B164D23DA824}.Debug|Any CPU.ActiveCfg = Debug|Any CPU
		{3EB2A33C-13E0-434C-9007-B164D23DA824}.Debug|Any CPU.Build.0 = Debug|Any CPU
		{3EB2A33C-13E0-434C-9007-B164D23DA824}.Release|Any CPU.ActiveCfg = Release|Any CPU
		{3EB2A33C-13E0-434C-9007-B164D23DA824}.Release|Any CPU.Build.0 = Release|Any CPU
		{093C6F1C-E813-41F1-93A5-08C8A5714A83}.Debug|Any CPU.ActiveCfg = Debug|Any CPU
		{093C6F1C-E813-41F1-93A5-08C8A5714A83}.Release|Any CPU.ActiveCfg = Release|x86
		{76036C9B-515F-4C07-8CBC-45D19F1BAAA6}.Debug|Any CPU.ActiveCfg = Debug|Any CPU
		{76036C9B-515F-4C07-8CBC-45D19F1BAAA6}.Release|Any CPU.ActiveCfg = Release|x86
		{D039DCF6-E3DC-4E8B-BAC8-ED716CF78677}.Debug|Any CPU.ActiveCfg = Debug|Any CPU
		{D039DCF6-E3DC-4E8B-BAC8-ED716CF78677}.Debug|Any CPU.Build.0 = Debug|Any CPU
		{D039DCF6-E3DC-4E8B-BAC8-ED716CF78677}.Release|Any CPU.ActiveCfg = Release|Any CPU
		{D039DCF6-E3DC-4E8B-BAC8-ED716CF78677}.Release|Any CPU.Build.0 = Release|Any CPU
		{2FB46ECD-EE17-4178-B7ED-9819AB951618}.Debug|Any CPU.ActiveCfg = Debug|Any CPU
		{2FB46ECD-EE17-4178-B7ED-9819AB951618}.Debug|Any CPU.Build.0 = Debug|Any CPU
		{2FB46ECD-EE17-4178-B7ED-9819AB951618}.Release|Any CPU.ActiveCfg = Release|Any CPU
		{2FB46ECD-EE17-4178-B7ED-9819AB951618}.Release|Any CPU.Build.0 = Release|Any CPU
		{3B17CA7F-D272-4BF8-A6DE-B024FB3EC8EF}.Debug|Any CPU.ActiveCfg = Debug|Any CPU
		{3B17CA7F-D272-4BF8-A6DE-B024FB3EC8EF}.Debug|Any CPU.Build.0 = Debug|Any CPU
		{3B17CA7F-D272-4BF8-A6DE-B024FB3EC8EF}.Release|Any CPU.ActiveCfg = Release|Any CPU
		{3B17CA7F-D272-4BF8-A6DE-B024FB3EC8EF}.Release|Any CPU.Build.0 = Release|Any CPU
		{A3F84323-B999-440B-ADA8-414CB739DE05}.Debug|Any CPU.ActiveCfg = Debug|Any CPU
		{A3F84323-B999-440B-ADA8-414CB739DE05}.Debug|Any CPU.Build.0 = Debug|Any CPU
		{A3F84323-B999-440B-ADA8-414CB739DE05}.Release|Any CPU.ActiveCfg = Release|Any CPU
		{A3F84323-B999-440B-ADA8-414CB739DE05}.Release|Any CPU.Build.0 = Release|Any CPU
		{4DACB1C0-8425-426A-9B23-370E5368DE77}.Debug|Any CPU.ActiveCfg = Debug|Any CPU
		{4DACB1C0-8425-426A-9B23-370E5368DE77}.Debug|Any CPU.Build.0 = Debug|Any CPU
		{4DACB1C0-8425-426A-9B23-370E5368DE77}.Release|Any CPU.ActiveCfg = Release|Any CPU
		{4DACB1C0-8425-426A-9B23-370E5368DE77}.Release|Any CPU.Build.0 = Release|Any CPU
		{A255D882-799C-48B0-8B79-DBCB24117C57}.Debug|Any CPU.ActiveCfg = Debug|Any CPU
		{A255D882-799C-48B0-8B79-DBCB24117C57}.Debug|Any CPU.Build.0 = Debug|Any CPU
		{A255D882-799C-48B0-8B79-DBCB24117C57}.Release|Any CPU.ActiveCfg = Release|Any CPU
		{A255D882-799C-48B0-8B79-DBCB24117C57}.Release|Any CPU.Build.0 = Release|Any CPU
		{BD5CDEC5-7ADE-4C50-987A-C144C9CD2958}.Debug|Any CPU.ActiveCfg = Debug|Any CPU
		{BD5CDEC5-7ADE-4C50-987A-C144C9CD2958}.Debug|Any CPU.Build.0 = Debug|Any CPU
		{BD5CDEC5-7ADE-4C50-987A-C144C9CD2958}.Release|Any CPU.ActiveCfg = Release|Any CPU
		{BD5CDEC5-7ADE-4C50-987A-C144C9CD2958}.Release|Any CPU.Build.0 = Release|Any CPU
		{E376B1D0-0245-4058-9822-F7D056E44328}.Debug|Any CPU.ActiveCfg = Debug|Any CPU
		{E376B1D0-0245-4058-9822-F7D056E44328}.Debug|Any CPU.Build.0 = Debug|Any CPU
		{E376B1D0-0245-4058-9822-F7D056E44328}.Release|Any CPU.ActiveCfg = Release|Any CPU
		{E376B1D0-0245-4058-9822-F7D056E44328}.Release|Any CPU.Build.0 = Release|Any CPU
		{1182B05B-FBCE-4C23-8DA5-23E20523A52F}.Debug|Any CPU.ActiveCfg = Debug|Any CPU
		{1182B05B-FBCE-4C23-8DA5-23E20523A52F}.Debug|Any CPU.Build.0 = Debug|Any CPU
		{1182B05B-FBCE-4C23-8DA5-23E20523A52F}.Release|Any CPU.ActiveCfg = Release|Any CPU
		{1182B05B-FBCE-4C23-8DA5-23E20523A52F}.Release|Any CPU.Build.0 = Release|Any CPU
		{B7A53FC8-9EEC-4B71-9725-F2D4D5770CDF}.Debug|Any CPU.ActiveCfg = Debug|Any CPU
		{B7A53FC8-9EEC-4B71-9725-F2D4D5770CDF}.Release|Any CPU.ActiveCfg = Release|x86
		{CEDE3347-B7EE-461D-B779-48972DB09855}.Debug|Any CPU.ActiveCfg = Debug|Any CPU
		{CEDE3347-B7EE-461D-B779-48972DB09855}.Debug|Any CPU.Build.0 = Debug|Any CPU
		{CEDE3347-B7EE-461D-B779-48972DB09855}.Release|Any CPU.ActiveCfg = Release|x86
		{C2438AFA-6E6A-4144-A0B7-42413DAA6921}.Debug|Any CPU.ActiveCfg = Debug|Any CPU
		{C2438AFA-6E6A-4144-A0B7-42413DAA6921}.Debug|Any CPU.Build.0 = Debug|Any CPU
		{C2438AFA-6E6A-4144-A0B7-42413DAA6921}.Release|Any CPU.ActiveCfg = Release|Any CPU
		{C2438AFA-6E6A-4144-A0B7-42413DAA6921}.Release|Any CPU.Build.0 = Release|Any CPU
		{472D7217-3ADB-4AF7-A3B8-2F3C8FB8CF75}.Debug|Any CPU.ActiveCfg = Debug|Any CPU
		{472D7217-3ADB-4AF7-A3B8-2F3C8FB8CF75}.Release|Any CPU.ActiveCfg = Release|Any CPU
		{472D7217-3ADB-4AF7-A3B8-2F3C8FB8CF75}.Release|Any CPU.Build.0 = Release|Any CPU
		{87540A84-125D-4A1D-BF7F-D3E979046A50}.Debug|Any CPU.ActiveCfg = Debug|Any CPU
		{87540A84-125D-4A1D-BF7F-D3E979046A50}.Debug|Any CPU.Build.0 = Debug|Any CPU
		{87540A84-125D-4A1D-BF7F-D3E979046A50}.Release|Any CPU.ActiveCfg = Release|Any CPU
		{87540A84-125D-4A1D-BF7F-D3E979046A50}.Release|Any CPU.Build.0 = Release|Any CPU
		{4358603B-3FDC-43C9-B731-22DA52D5C5CC}.Debug|Any CPU.ActiveCfg = Debug|Any CPU
		{4358603B-3FDC-43C9-B731-22DA52D5C5CC}.Release|Any CPU.ActiveCfg = Release|Any CPU
		{4358603B-3FDC-43C9-B731-22DA52D5C5CC}.Release|Any CPU.Build.0 = Release|Any CPU
		{44E3E36C-CB9A-4BE0-9FC7-8F36880BD141}.Debug|Any CPU.ActiveCfg = Debug|Any CPU
		{44E3E36C-CB9A-4BE0-9FC7-8F36880BD141}.Debug|Any CPU.Build.0 = Debug|Any CPU
		{44E3E36C-CB9A-4BE0-9FC7-8F36880BD141}.Release|Any CPU.ActiveCfg = Release|Any CPU
		{44E3E36C-CB9A-4BE0-9FC7-8F36880BD141}.Release|Any CPU.Build.0 = Release|Any CPU
		{0B4681D6-7B6E-4BB3-B197-1F4160553E97}.Debug|Any CPU.ActiveCfg = Debug|Any CPU
		{0B4681D6-7B6E-4BB3-B197-1F4160553E97}.Debug|Any CPU.Build.0 = Debug|Any CPU
		{0B4681D6-7B6E-4BB3-B197-1F4160553E97}.Release|Any CPU.ActiveCfg = Release|Any CPU
		{0B4681D6-7B6E-4BB3-B197-1F4160553E97}.Release|Any CPU.Build.0 = Release|Any CPU
		{0D2F61B0-4DD6-43B3-91DB-CF7205908806}.Debug|Any CPU.ActiveCfg = Debug|Any CPU
		{0D2F61B0-4DD6-43B3-91DB-CF7205908806}.Debug|Any CPU.Build.0 = Debug|Any CPU
		{0D2F61B0-4DD6-43B3-91DB-CF7205908806}.Release|Any CPU.ActiveCfg = Release|Any CPU
		{0D2F61B0-4DD6-43B3-91DB-CF7205908806}.Release|Any CPU.Build.0 = Release|Any CPU
		{6DD25379-39CC-482C-B507-1AD4930FDFFD}.Debug|Any CPU.ActiveCfg = Debug|Any CPU
		{6DD25379-39CC-482C-B507-1AD4930FDFFD}.Debug|Any CPU.Build.0 = Debug|Any CPU
		{6DD25379-39CC-482C-B507-1AD4930FDFFD}.Release|Any CPU.ActiveCfg = Release|Any CPU
		{6DD25379-39CC-482C-B507-1AD4930FDFFD}.Release|Any CPU.Build.0 = Release|Any CPU
		{A2542234-BEE6-45A6-95F1-CBBD5C6A396C}.Debug|Any CPU.ActiveCfg = Debug|Any CPU
		{A2542234-BEE6-45A6-95F1-CBBD5C6A396C}.Debug|Any CPU.Build.0 = Debug|Any CPU
		{A2542234-BEE6-45A6-95F1-CBBD5C6A396C}.Release|Any CPU.ActiveCfg = Release|Any CPU
		{A2542234-BEE6-45A6-95F1-CBBD5C6A396C}.Release|Any CPU.Build.0 = Release|Any CPU
		{4D1F8239-4088-422E-B95E-9F64BDA212A5}.Debug|Any CPU.ActiveCfg = Debug|Any CPU
		{4D1F8239-4088-422E-B95E-9F64BDA212A5}.Debug|Any CPU.Build.0 = Debug|Any CPU
		{4D1F8239-4088-422E-B95E-9F64BDA212A5}.Release|Any CPU.ActiveCfg = Release|Any CPU
		{4D1F8239-4088-422E-B95E-9F64BDA212A5}.Release|Any CPU.Build.0 = Release|Any CPU
		{AA359FE2-A313-4176-9FDF-1CB896D4ADB3}.Debug|Any CPU.ActiveCfg = Debug|Any CPU
		{AA359FE2-A313-4176-9FDF-1CB896D4ADB3}.Debug|Any CPU.Build.0 = Debug|Any CPU
		{AA359FE2-A313-4176-9FDF-1CB896D4ADB3}.Release|Any CPU.ActiveCfg = Release|Any CPU
		{AA359FE2-A313-4176-9FDF-1CB896D4ADB3}.Release|Any CPU.Build.0 = Release|Any CPU
		{5D5826AE-442A-4695-ACD4-52604F988884}.Debug|Any CPU.ActiveCfg = Debug|Any CPU
		{5D5826AE-442A-4695-ACD4-52604F988884}.Debug|Any CPU.Build.0 = Debug|Any CPU
		{5D5826AE-442A-4695-ACD4-52604F988884}.Release|Any CPU.ActiveCfg = Release|Any CPU
		{5D5826AE-442A-4695-ACD4-52604F988884}.Release|Any CPU.Build.0 = Release|Any CPU
		{E2AEB07F-DB86-493D-B5D7-F7545423F7FE}.Debug|Any CPU.ActiveCfg = Debug|Any CPU
		{E2AEB07F-DB86-493D-B5D7-F7545423F7FE}.Debug|Any CPU.Build.0 = Debug|Any CPU
		{E2AEB07F-DB86-493D-B5D7-F7545423F7FE}.Release|Any CPU.ActiveCfg = Release|Any CPU
		{E2AEB07F-DB86-493D-B5D7-F7545423F7FE}.Release|Any CPU.Build.0 = Release|Any CPU
		{6E5C476A-B397-443C-9925-ACB9898E0780}.Debug|Any CPU.ActiveCfg = Debug|Any CPU
		{6E5C476A-B397-443C-9925-ACB9898E0780}.Debug|Any CPU.Build.0 = Debug|Any CPU
		{6E5C476A-B397-443C-9925-ACB9898E0780}.Release|Any CPU.ActiveCfg = Release|Any CPU
		{6E5C476A-B397-443C-9925-ACB9898E0780}.Release|Any CPU.Build.0 = Release|Any CPU
		{58F49E6A-F7A1-4C36-924A-7F506F623C6E}.Debug|Any CPU.ActiveCfg = Debug|Any CPU
		{58F49E6A-F7A1-4C36-924A-7F506F623C6E}.Debug|Any CPU.Build.0 = Debug|Any CPU
		{58F49E6A-F7A1-4C36-924A-7F506F623C6E}.Release|Any CPU.ActiveCfg = Release|Any CPU
		{58F49E6A-F7A1-4C36-924A-7F506F623C6E}.Release|Any CPU.Build.0 = Release|Any CPU
		{6474D008-856E-434D-AD49-4551A570983B}.Debug|Any CPU.ActiveCfg = Debug|Any CPU
		{6474D008-856E-434D-AD49-4551A570983B}.Debug|Any CPU.Build.0 = Debug|Any CPU
		{6474D008-856E-434D-AD49-4551A570983B}.Release|Any CPU.ActiveCfg = Release|Any CPU
		{6474D008-856E-434D-AD49-4551A570983B}.Release|Any CPU.Build.0 = Release|Any CPU
		{1F9F4E38-D4E1-41A9-89EC-0EAC46290600}.Debug|Any CPU.ActiveCfg = Debug|Any CPU
		{1F9F4E38-D4E1-41A9-89EC-0EAC46290600}.Debug|Any CPU.Build.0 = Debug|Any CPU
		{1F9F4E38-D4E1-41A9-89EC-0EAC46290600}.Release|Any CPU.ActiveCfg = Release|Any CPU
		{1F9F4E38-D4E1-41A9-89EC-0EAC46290600}.Release|Any CPU.Build.0 = Release|Any CPU
	EndGlobalSection
	GlobalSection(SolutionProperties) = preSolution
		HideSolutionNode = FALSE
	EndGlobalSection
	GlobalSection(NestedProjects) = preSolution
		{62FFC9D3-E02F-416F-B8EB-69BB1F218482} = {2CF5B702-68AE-45EB-AA93-1AAC4BC41FA9}
		{20D726BF-EA4C-40F6-80DF-3B5791561102} = {2CF5B702-68AE-45EB-AA93-1AAC4BC41FA9}
		{3EB2A33C-13E0-434C-9007-B164D23DA824} = {2CF5B702-68AE-45EB-AA93-1AAC4BC41FA9}
		{093C6F1C-E813-41F1-93A5-08C8A5714A83} = {2CF5B702-68AE-45EB-AA93-1AAC4BC41FA9}
		{76036C9B-515F-4C07-8CBC-45D19F1BAAA6} = {71036D61-2D70-4FAC-BD68-47320E03FB70}
		{D039DCF6-E3DC-4E8B-BAC8-ED716CF78677} = {DE218D75-2D48-4F27-A1D7-2C974DA4F058}
		{2FB46ECD-EE17-4178-B7ED-9819AB951618} = {DE218D75-2D48-4F27-A1D7-2C974DA4F058}
		{3B17CA7F-D272-4BF8-A6DE-B024FB3EC8EF} = {DE218D75-2D48-4F27-A1D7-2C974DA4F058}
		{A3F84323-B999-440B-ADA8-414CB739DE05} = {DE218D75-2D48-4F27-A1D7-2C974DA4F058}
		{4DACB1C0-8425-426A-9B23-370E5368DE77} = {DE218D75-2D48-4F27-A1D7-2C974DA4F058}
		{A255D882-799C-48B0-8B79-DBCB24117C57} = {DE218D75-2D48-4F27-A1D7-2C974DA4F058}
		{BD5CDEC5-7ADE-4C50-987A-C144C9CD2958} = {DE218D75-2D48-4F27-A1D7-2C974DA4F058}
		{B7A53FC8-9EEC-4B71-9725-F2D4D5770CDF} = {075A22BD-1914-48D2-9ED6-A2A177F30E46}
		{472D7217-3ADB-4AF7-A3B8-2F3C8FB8CF75} = {9257E0F2-700D-4DF2-98DB-3713FE2A5D62}
		{87540A84-125D-4A1D-BF7F-D3E979046A50} = {9257E0F2-700D-4DF2-98DB-3713FE2A5D62}
		{4358603B-3FDC-43C9-B731-22DA52D5C5CC} = {B3FCEEFF-D329-4437-BB42-CEC4990274BC}
		{44E3E36C-CB9A-4BE0-9FC7-8F36880BD141} = {63BF68C4-74A0-47B2-BF76-E720715129ED}
		{0B4681D6-7B6E-4BB3-B197-1F4160553E97} = {63BF68C4-74A0-47B2-BF76-E720715129ED}
		{0D2F61B0-4DD6-43B3-91DB-CF7205908806} = {7BBE59A7-324F-4F43-919C-EF68A641EFF5}
		{6DD25379-39CC-482C-B507-1AD4930FDFFD} = {7BBE59A7-324F-4F43-919C-EF68A641EFF5}
		{A2542234-BEE6-45A6-95F1-CBBD5C6A396C} = {7BBE59A7-324F-4F43-919C-EF68A641EFF5}
		{4D1F8239-4088-422E-B95E-9F64BDA212A5} = {63BF68C4-74A0-47B2-BF76-E720715129ED}
		{77F38780-0480-400B-878E-E7FD8B45EE4A} = {63BF68C4-74A0-47B2-BF76-E720715129ED}
		{AA359FE2-A313-4176-9FDF-1CB896D4ADB3} = {77F38780-0480-400B-878E-E7FD8B45EE4A}
		{5D5826AE-442A-4695-ACD4-52604F988884} = {63BF68C4-74A0-47B2-BF76-E720715129ED}
		{E2AEB07F-DB86-493D-B5D7-F7545423F7FE} = {7BBE59A7-324F-4F43-919C-EF68A641EFF5}
		{6E5C476A-B397-443C-9925-ACB9898E0780} = {45C9A60B-CF2B-4E1B-A302-403B1661351A}
		{58F49E6A-F7A1-4C36-924A-7F506F623C6E} = {45C9A60B-CF2B-4E1B-A302-403B1661351A}
		{6474D008-856E-434D-AD49-4551A570983B} = {63BF68C4-74A0-47B2-BF76-E720715129ED}
		{1F9F4E38-D4E1-41A9-89EC-0EAC46290600} = {63BF68C4-74A0-47B2-BF76-E720715129ED}
	EndGlobalSection
	GlobalSection(ExtensibilityGlobals) = postSolution
		SolutionGuid = {FBC5ED55-5B6C-447A-8C00-18A0F64F3E15}
	EndGlobalSection
	GlobalSection(TestCaseManagementSettings) = postSolution
		CategoryFile = FeatureTest.vsmdi
	EndGlobalSection
EndGlobal
